
Microsoft Visual Studio Solution File, Format Version 12.00
# Visual Studio Version 17
VisualStudioVersion = 17.7.34003.232
MinimumVisualStudioVersion = 10.0.40219.1
Project("{9A19103F-16F7-4668-BE54-9A1E7A4F7556}") = "Maui.Sample", "src\Maui.Sample\Maui.Sample.csproj", "{A110FAA3-16F2-4FB6-8403-3452B6E392B7}"
EndProject
Project("{2150E333-8FDC-42A3-9474-1A3956D46DE8}") = "解决方案项", "解决方案项", "{388BCABB-524C-449B-BDC9-B90ADE382B35}"
	ProjectSection(SolutionItems) = preProject
		readme.md = readme.md
	EndProjectSection
EndProject
Project("{9A19103F-16F7-4668-BE54-9A1E7A4F7556}") = "HelloWorld", "src\HelloWorld\HelloWorld.csproj", "{C855BFF0-37AB-4D63-AF15-84ED42EBBA32}"
EndProject
Project("{9A19103F-16F7-4668-BE54-9A1E7A4F7556}") = "MyTask", "src\MyTask\MyTask.csproj", "{A5727558-F7D7-43AC-9C55-1F7D3344224A}"
EndProject
Project("{9A19103F-16F7-4668-BE54-9A1E7A4F7556}") = "Todo", "src\Todo\Todo.csproj", "{EFEF11E4-8A80-4C2B-BA54-728F3D48D5A7}"
EndProject
Project("{9A19103F-16F7-4668-BE54-9A1E7A4F7556}") = "MyTaskBlazor", "src\MyTaskBlazor\MyTaskBlazor.csproj", "{D1F411A0-73EC-4FEB-8EDC-665E1E7038B2}"
EndProject
Project("{9A19103F-16F7-4668-BE54-9A1E7A4F7556}") = "MAUIBlazorHybrid", "src\MAUIBlazorHybrid\MAUIBlazorHybrid.csproj", "{11680A88-7198-4954-A568-7E7D2176A7E2}"
EndProject
Global
	GlobalSection(SolutionConfigurationPlatforms) = preSolution
		Debug|Any CPU = Debug|Any CPU
		Release|Any CPU = Release|Any CPU
	EndGlobalSection
	GlobalSection(ProjectConfigurationPlatforms) = postSolution
		{A110FAA3-16F2-4FB6-8403-3452B6E392B7}.Debug|Any CPU.ActiveCfg = Debug|Any CPU
		{A110FAA3-16F2-4FB6-8403-3452B6E392B7}.Debug|Any CPU.Build.0 = Debug|Any CPU
		{A110FAA3-16F2-4FB6-8403-3452B6E392B7}.Debug|Any CPU.Deploy.0 = Debug|Any CPU
		{A110FAA3-16F2-4FB6-8403-3452B6E392B7}.Release|Any CPU.ActiveCfg = Release|Any CPU
		{A110FAA3-16F2-4FB6-8403-3452B6E392B7}.Release|Any CPU.Build.0 = Release|Any CPU
		{A110FAA3-16F2-4FB6-8403-3452B6E392B7}.Release|Any CPU.Deploy.0 = Release|Any CPU
		{C855BFF0-37AB-4D63-AF15-84ED42EBBA32}.Debug|Any CPU.ActiveCfg = Debug|Any CPU
		{C855BFF0-37AB-4D63-AF15-84ED42EBBA32}.Debug|Any CPU.Build.0 = Debug|Any CPU
		{C855BFF0-37AB-4D63-AF15-84ED42EBBA32}.Debug|Any CPU.Deploy.0 = Debug|Any CPU
		{C855BFF0-37AB-4D63-AF15-84ED42EBBA32}.Release|Any CPU.ActiveCfg = Release|Any CPU
		{C855BFF0-37AB-4D63-AF15-84ED42EBBA32}.Release|Any CPU.Build.0 = Release|Any CPU
		{C855BFF0-37AB-4D63-AF15-84ED42EBBA32}.Release|Any CPU.Deploy.0 = Release|Any CPU
		{A5727558-F7D7-43AC-9C55-1F7D3344224A}.Debug|Any CPU.ActiveCfg = Debug|Any CPU
		{A5727558-F7D7-43AC-9C55-1F7D3344224A}.Debug|Any CPU.Build.0 = Debug|Any CPU
		{A5727558-F7D7-43AC-9C55-1F7D3344224A}.Debug|Any CPU.Deploy.0 = Debug|Any CPU
		{A5727558-F7D7-43AC-9C55-1F7D3344224A}.Release|Any CPU.ActiveCfg = Release|Any CPU
		{A5727558-F7D7-43AC-9C55-1F7D3344224A}.Release|Any CPU.Build.0 = Release|Any CPU
		{A5727558-F7D7-43AC-9C55-1F7D3344224A}.Release|Any CPU.Deploy.0 = Release|Any CPU
		{EFEF11E4-8A80-4C2B-BA54-728F3D48D5A7}.Debug|Any CPU.ActiveCfg = Debug|Any CPU
		{EFEF11E4-8A80-4C2B-BA54-728F3D48D5A7}.Debug|Any CPU.Build.0 = Debug|Any CPU
		{EFEF11E4-8A80-4C2B-BA54-728F3D48D5A7}.Debug|Any CPU.Deploy.0 = Debug|Any CPU
		{EFEF11E4-8A80-4C2B-BA54-728F3D48D5A7}.Release|Any CPU.ActiveCfg = Release|Any CPU
		{EFEF11E4-8A80-4C2B-BA54-728F3D48D5A7}.Release|Any CPU.Build.0 = Release|Any CPU
		{EFEF11E4-8A80-4C2B-BA54-728F3D48D5A7}.Release|Any CPU.Deploy.0 = Release|Any CPU
		{D1F411A0-73EC-4FEB-8EDC-665E1E7038B2}.Debug|Any CPU.ActiveCfg = Debug|Any CPU
		{D1F411A0-73EC-4FEB-8EDC-665E1E7038B2}.Debug|Any CPU.Build.0 = Debug|Any CPU
		{D1F411A0-73EC-4FEB-8EDC-665E1E7038B2}.Debug|Any CPU.Deploy.0 = Debug|Any CPU
		{D1F411A0-73EC-4FEB-8EDC-665E1E7038B2}.Release|Any CPU.ActiveCfg = Release|Any CPU
		{D1F411A0-73EC-4FEB-8EDC-665E1E7038B2}.Release|Any CPU.Build.0 = Release|Any CPU
		{D1F411A0-73EC-4FEB-8EDC-665E1E7038B2}.Release|Any CPU.Deploy.0 = Release|Any CPU
		{11680A88-7198-4954-A568-7E7D2176A7E2}.Debug|Any CPU.ActiveCfg = Debug|Any CPU
		{11680A88-7198-4954-A568-7E7D2176A7E2}.Debug|Any CPU.Build.0 = Debug|Any CPU
		{11680A88-7198-4954-A568-7E7D2176A7E2}.Debug|Any CPU.Deploy.0 = Debug|Any CPU
		{11680A88-7198-4954-A568-7E7D2176A7E2}.Release|Any CPU.ActiveCfg = Release|Any CPU
		{11680A88-7198-4954-A568-7E7D2176A7E2}.Release|Any CPU.Build.0 = Release|Any CPU
		{11680A88-7198-4954-A568-7E7D2176A7E2}.Release|Any CPU.Deploy.0 = Release|Any CPU
	EndGlobalSection
	GlobalSection(SolutionProperties) = preSolution
		HideSolutionNode = FALSE
	EndGlobalSection
	GlobalSection(ExtensibilityGlobals) = postSolution
		SolutionGuid = {36088B56-5022-47A5-ADD2-AB817CF3DDF8}
	EndGlobalSection
EndGlobal
