
Microsoft Visual Studio Solution File, Format Version 12.00
# Visual Studio Version 17
VisualStudioVersion = 17.7.34003.232
MinimumVisualStudioVersion = 10.0.40219.1
Project("{9A19103F-16F7-4668-BE54-9A1E7A4F7556}") = "Maui.Sample", "src\Maui.Sample\Maui.Sample.csproj", "{A110FAA3-16F2-4FB6-8403-3452B6E392B7}"
EndProject
Project("{2150E333-8FDC-42A3-9474-1A3956D46DE8}") = "解决方案项", "解决方案项", "{388BCABB-524C-449B-BDC9-B90ADE382B35}"
	ProjectSection(SolutionItems) = preProject
		readme.md = readme.md
	EndProjectSection
EndProject
Project("{FAE04EC0-301F-11D3-BF4B-00C04F79EFBC}") = "HelloWorld", "src\HelloWorld\HelloWorld.csproj", "{C855BFF0-37AB-4D63-AF15-84ED42EBBA32}"
EndProject
Global
	GlobalSection(SolutionConfigurationPlatforms) = preSolution
		Debug|Any CPU = Debug|Any CPU
		Release|Any CPU = Release|Any CPU
	EndGlobalSection
	GlobalSection(ProjectConfigurationPlatforms) = postSolution
		{A110FAA3-16F2-4FB6-8403-3452B6E392B7}.Debug|Any CPU.ActiveCfg = Debug|Any CPU
		{A110FAA3-16F2-4FB6-8403-3452B6E392B7}.Debug|Any CPU.Build.0 = Debug|Any CPU
		{A110FAA3-16F2-4FB6-8403-3452B6E392B7}.Debug|Any CPU.Deploy.0 = Debug|Any CPU
		{A110FAA3-16F2-4FB6-8403-3452B6E392B7}.Release|Any CPU.ActiveCfg = Release|Any CPU
		{A110FAA3-16F2-4FB6-8403-3452B6E392B7}.Release|Any CPU.Build.0 = Release|Any CPU
		{A110FAA3-16F2-4FB6-8403-3452B6E392B7}.Release|Any CPU.Deploy.0 = Release|Any CPU
		{C855BFF0-37AB-4D63-AF15-84ED42EBBA32}.Debug|Any CPU.ActiveCfg = Debug|Any CPU
		{C855BFF0-37AB-4D63-AF15-84ED42EBBA32}.Debug|Any CPU.Build.0 = Debug|Any CPU
		{C855BFF0-37AB-4D63-AF15-84ED42EBBA32}.Debug|Any CPU.Deploy.0 = Debug|Any CPU
		{C855BFF0-37AB-4D63-AF15-84ED42EBBA32}.Release|Any CPU.ActiveCfg = Release|Any CPU
		{C855BFF0-37AB-4D63-AF15-84ED42EBBA32}.Release|Any CPU.Build.0 = Release|Any CPU
		{C855BFF0-37AB-4D63-AF15-84ED42EBBA32}.Release|Any CPU.Deploy.0 = Release|Any CPU
	EndGlobalSection
	GlobalSection(SolutionProperties) = preSolution
		HideSolutionNode = FALSE
	EndGlobalSection
	GlobalSection(ExtensibilityGlobals) = postSolution
		SolutionGuid = {36088B56-5022-47A5-ADD2-AB817CF3DDF8}
	EndGlobalSection
EndGlobal
